
Microsoft Visual Studio Solution File, Format Version 12.00
# Visual Studio 15
VisualStudioVersion = 15.0.27703.2035
MinimumVisualStudioVersion = 10.0.40219.1
Project("{FAE04EC0-301F-11D3-BF4B-00C04F79EFBC}") = "XF.Mapas.Android", "XF.Mapas\XF.Mapas.Android\XF.Mapas.Android.csproj", "{617A6824-D028-41F8-90F9-9BF763E56B2E}"
EndProject
Project("{FAE04EC0-301F-11D3-BF4B-00C04F79EFBC}") = "XF.Mapas.iOS", "XF.Mapas\XF.Mapas.iOS\XF.Mapas.iOS.csproj", "{273FCA38-AA36-497D-A205-38A3B7F87E0B}"
EndProject
Project("{FAE04EC0-301F-11D3-BF4B-00C04F79EFBC}") = "XF.Mapas", "XF.Mapas\XF.Mapas\XF.Mapas.csproj", "{2E48C368-2A2A-4D9A-9A17-597533EFCB48}"
EndProject
Global
	GlobalSection(SolutionConfigurationPlatforms) = preSolution
		Ad-Hoc|Any CPU = Ad-Hoc|Any CPU
		Ad-Hoc|iPhone = Ad-Hoc|iPhone
		Ad-Hoc|iPhoneSimulator = Ad-Hoc|iPhoneSimulator
		AppStore|Any CPU = AppStore|Any CPU
		AppStore|iPhone = AppStore|iPhone
		AppStore|iPhoneSimulator = AppStore|iPhoneSimulator
		Debug|Any CPU = Debug|Any CPU
		Debug|iPhone = Debug|iPhone
		Debug|iPhoneSimulator = Debug|iPhoneSimulator
		Release|Any CPU = Release|Any CPU
		Release|iPhone = Release|iPhone
		Release|iPhoneSimulator = Release|iPhoneSimulator
	EndGlobalSection
	GlobalSection(ProjectConfigurationPlatforms) = postSolution
		{617A6824-D028-41F8-90F9-9BF763E56B2E}.Ad-Hoc|Any CPU.ActiveCfg = Release|Any CPU
		{617A6824-D028-41F8-90F9-9BF763E56B2E}.Ad-Hoc|Any CPU.Build.0 = Release|Any CPU
		{617A6824-D028-41F8-90F9-9BF763E56B2E}.Ad-Hoc|Any CPU.Deploy.0 = Release|Any CPU
		{617A6824-D028-41F8-90F9-9BF763E56B2E}.Ad-Hoc|iPhone.ActiveCfg = Release|Any CPU
		{617A6824-D028-41F8-90F9-9BF763E56B2E}.Ad-Hoc|iPhone.Build.0 = Release|Any CPU
		{617A6824-D028-41F8-90F9-9BF763E56B2E}.Ad-Hoc|iPhone.Deploy.0 = Release|Any CPU
		{617A6824-D028-41F8-90F9-9BF763E56B2E}.Ad-Hoc|iPhoneSimulator.ActiveCfg = Release|Any CPU
		{617A6824-D028-41F8-90F9-9BF763E56B2E}.Ad-Hoc|iPhoneSimulator.Build.0 = Release|Any CPU
		{617A6824-D028-41F8-90F9-9BF763E56B2E}.Ad-Hoc|iPhoneSimulator.Deploy.0 = Release|Any CPU
		{617A6824-D028-41F8-90F9-9BF763E56B2E}.AppStore|Any CPU.ActiveCfg = Release|Any CPU
		{617A6824-D028-41F8-90F9-9BF763E56B2E}.AppStore|Any CPU.Build.0 = Release|Any CPU
		{617A6824-D028-41F8-90F9-9BF763E56B2E}.AppStore|Any CPU.Deploy.0 = Release|Any CPU
		{617A6824-D028-41F8-90F9-9BF763E56B2E}.AppStore|iPhone.ActiveCfg = Release|Any CPU
		{617A6824-D028-41F8-90F9-9BF763E56B2E}.AppStore|iPhone.Build.0 = Release|Any CPU
		{617A6824-D028-41F8-90F9-9BF763E56B2E}.AppStore|iPhone.Deploy.0 = Release|Any CPU
		{617A6824-D028-41F8-90F9-9BF763E56B2E}.AppStore|iPhoneSimulator.ActiveCfg = Release|Any CPU
		{617A6824-D028-41F8-90F9-9BF763E56B2E}.AppStore|iPhoneSimulator.Build.0 = Release|Any CPU
		{617A6824-D028-41F8-90F9-9BF763E56B2E}.AppStore|iPhoneSimulator.Deploy.0 = Release|Any CPU
		{617A6824-D028-41F8-90F9-9BF763E56B2E}.Debug|Any CPU.ActiveCfg = Debug|Any CPU
		{617A6824-D028-41F8-90F9-9BF763E56B2E}.Debug|Any CPU.Build.0 = Debug|Any CPU
		{617A6824-D028-41F8-90F9-9BF763E56B2E}.Debug|Any CPU.Deploy.0 = Debug|Any CPU
		{617A6824-D028-41F8-90F9-9BF763E56B2E}.Debug|iPhone.ActiveCfg = Debug|Any CPU
		{617A6824-D028-41F8-90F9-9BF763E56B2E}.Debug|iPhone.Build.0 = Debug|Any CPU
		{617A6824-D028-41F8-90F9-9BF763E56B2E}.Debug|iPhone.Deploy.0 = Debug|Any CPU
		{617A6824-D028-41F8-90F9-9BF763E56B2E}.Debug|iPhoneSimulator.ActiveCfg = Debug|Any CPU
		{617A6824-D028-41F8-90F9-9BF763E56B2E}.Debug|iPhoneSimulator.Build.0 = Debug|Any CPU
		{617A6824-D028-41F8-90F9-9BF763E56B2E}.Debug|iPhoneSimulator.Deploy.0 = Debug|Any CPU
		{617A6824-D028-41F8-90F9-9BF763E56B2E}.Release|Any CPU.ActiveCfg = Release|Any CPU
		{617A6824-D028-41F8-90F9-9BF763E56B2E}.Release|Any CPU.Build.0 = Release|Any CPU
		{617A6824-D028-41F8-90F9-9BF763E56B2E}.Release|Any CPU.Deploy.0 = Release|Any CPU
		{617A6824-D028-41F8-90F9-9BF763E56B2E}.Release|iPhone.ActiveCfg = Release|Any CPU
		{617A6824-D028-41F8-90F9-9BF763E56B2E}.Release|iPhone.Build.0 = Release|Any CPU
		{617A6824-D028-41F8-90F9-9BF763E56B2E}.Release|iPhone.Deploy.0 = Release|Any CPU
		{617A6824-D028-41F8-90F9-9BF763E56B2E}.Release|iPhoneSimulator.ActiveCfg = Release|Any CPU
		{617A6824-D028-41F8-90F9-9BF763E56B2E}.Release|iPhoneSimulator.Build.0 = Release|Any CPU
		{617A6824-D028-41F8-90F9-9BF763E56B2E}.Release|iPhoneSimulator.Deploy.0 = Release|Any CPU
		{273FCA38-AA36-497D-A205-38A3B7F87E0B}.Ad-Hoc|Any CPU.ActiveCfg = Ad-Hoc|iPhone
		{273FCA38-AA36-497D-A205-38A3B7F87E0B}.Ad-Hoc|Any CPU.Build.0 = Ad-Hoc|iPhone
		{273FCA38-AA36-497D-A205-38A3B7F87E0B}.Ad-Hoc|Any CPU.Deploy.0 = Ad-Hoc|iPhone
		{273FCA38-AA36-497D-A205-38A3B7F87E0B}.Ad-Hoc|iPhone.ActiveCfg = Ad-Hoc|iPhone
		{273FCA38-AA36-497D-A205-38A3B7F87E0B}.Ad-Hoc|iPhone.Build.0 = Ad-Hoc|iPhone
		{273FCA38-AA36-497D-A205-38A3B7F87E0B}.Ad-Hoc|iPhone.Deploy.0 = Ad-Hoc|iPhone
		{273FCA38-AA36-497D-A205-38A3B7F87E0B}.Ad-Hoc|iPhoneSimulator.ActiveCfg = Ad-Hoc|iPhoneSimulator
		{273FCA38-AA36-497D-A205-38A3B7F87E0B}.Ad-Hoc|iPhoneSimulator.Build.0 = Ad-Hoc|iPhoneSimulator
		{273FCA38-AA36-497D-A205-38A3B7F87E0B}.Ad-Hoc|iPhoneSimulator.Deploy.0 = Ad-Hoc|iPhoneSimulator
		{273FCA38-AA36-497D-A205-38A3B7F87E0B}.AppStore|Any CPU.ActiveCfg = AppStore|iPhone
		{273FCA38-AA36-497D-A205-38A3B7F87E0B}.AppStore|Any CPU.Build.0 = AppStore|iPhone
		{273FCA38-AA36-497D-A205-38A3B7F87E0B}.AppStore|Any CPU.Deploy.0 = AppStore|iPhone
		{273FCA38-AA36-497D-A205-38A3B7F87E0B}.AppStore|iPhone.ActiveCfg = AppStore|iPhone
		{273FCA38-AA36-497D-A205-38A3B7F87E0B}.AppStore|iPhone.Build.0 = AppStore|iPhone
		{273FCA38-AA36-497D-A205-38A3B7F87E0B}.AppStore|iPhone.Deploy.0 = AppStore|iPhone
		{273FCA38-AA36-497D-A205-38A3B7F87E0B}.AppStore|iPhoneSimulator.ActiveCfg = AppStore|iPhoneSimulator
		{273FCA38-AA36-497D-A205-38A3B7F87E0B}.AppStore|iPhoneSimulator.Build.0 = AppStore|iPhoneSimulator
		{273FCA38-AA36-497D-A205-38A3B7F87E0B}.AppStore|iPhoneSimulator.Deploy.0 = AppStore|iPhoneSimulator
		{273FCA38-AA36-497D-A205-38A3B7F87E0B}.Debug|Any CPU.ActiveCfg = Debug|iPhoneSimulator
		{273FCA38-AA36-497D-A205-38A3B7F87E0B}.Debug|Any CPU.Build.0 = Debug|iPhoneSimulator
		{273FCA38-AA36-497D-A205-38A3B7F87E0B}.Debug|Any CPU.Deploy.0 = Debug|iPhoneSimulator
		{273FCA38-AA36-497D-A205-38A3B7F87E0B}.Debug|iPhone.ActiveCfg = Debug|iPhone
		{273FCA38-AA36-497D-A205-38A3B7F87E0B}.Debug|iPhone.Build.0 = Debug|iPhone
		{273FCA38-AA36-497D-A205-38A3B7F87E0B}.Debug|iPhone.Deploy.0 = Debug|iPhone
		{273FCA38-AA36-497D-A205-38A3B7F87E0B}.Debug|iPhoneSimulator.ActiveCfg = Debug|iPhoneSimulator
		{273FCA38-AA36-497D-A205-38A3B7F87E0B}.Debug|iPhoneSimulator.Build.0 = Debug|iPhoneSimulator
		{273FCA38-AA36-497D-A205-38A3B7F87E0B}.Debug|iPhoneSimulator.Deploy.0 = Debug|iPhoneSimulator
		{273FCA38-AA36-497D-A205-38A3B7F87E0B}.Release|Any CPU.ActiveCfg = Release|iPhone
		{273FCA38-AA36-497D-A205-38A3B7F87E0B}.Release|Any CPU.Build.0 = Release|iPhone
		{273FCA38-AA36-497D-A205-38A3B7F87E0B}.Release|Any CPU.Deploy.0 = Release|iPhone
		{273FCA38-AA36-497D-A205-38A3B7F87E0B}.Release|iPhone.ActiveCfg = Release|iPhone
		{273FCA38-AA36-497D-A205-38A3B7F87E0B}.Release|iPhone.Build.0 = Release|iPhone
		{273FCA38-AA36-497D-A205-38A3B7F87E0B}.Release|iPhone.Deploy.0 = Release|iPhone
		{273FCA38-AA36-497D-A205-38A3B7F87E0B}.Release|iPhoneSimulator.ActiveCfg = Release|iPhoneSimulator
		{273FCA38-AA36-497D-A205-38A3B7F87E0B}.Release|iPhoneSimulator.Build.0 = Release|iPhoneSimulator
		{273FCA38-AA36-497D-A205-38A3B7F87E0B}.Release|iPhoneSimulator.Deploy.0 = Release|iPhoneSimulator
		{2E48C368-2A2A-4D9A-9A17-597533EFCB48}.Ad-Hoc|Any CPU.ActiveCfg = Debug|Any CPU
		{2E48C368-2A2A-4D9A-9A17-597533EFCB48}.Ad-Hoc|Any CPU.Build.0 = Debug|Any CPU
		{2E48C368-2A2A-4D9A-9A17-597533EFCB48}.Ad-Hoc|Any CPU.Deploy.0 = Debug|Any CPU
		{2E48C368-2A2A-4D9A-9A17-597533EFCB48}.Ad-Hoc|iPhone.ActiveCfg = Debug|Any CPU
		{2E48C368-2A2A-4D9A-9A17-597533EFCB48}.Ad-Hoc|iPhone.Build.0 = Debug|Any CPU
		{2E48C368-2A2A-4D9A-9A17-597533EFCB48}.Ad-Hoc|iPhone.Deploy.0 = Debug|Any CPU
		{2E48C368-2A2A-4D9A-9A17-597533EFCB48}.Ad-Hoc|iPhoneSimulator.ActiveCfg = Debug|Any CPU
		{2E48C368-2A2A-4D9A-9A17-597533EFCB48}.Ad-Hoc|iPhoneSimulator.Build.0 = Debug|Any CPU
		{2E48C368-2A2A-4D9A-9A17-597533EFCB48}.Ad-Hoc|iPhoneSimulator.Deploy.0 = Debug|Any CPU
		{2E48C368-2A2A-4D9A-9A17-597533EFCB48}.AppStore|Any CPU.ActiveCfg = Debug|Any CPU
		{2E48C368-2A2A-4D9A-9A17-597533EFCB48}.AppStore|Any CPU.Build.0 = Debug|Any CPU
		{2E48C368-2A2A-4D9A-9A17-597533EFCB48}.AppStore|Any CPU.Deploy.0 = Debug|Any CPU
		{2E48C368-2A2A-4D9A-9A17-597533EFCB48}.AppStore|iPhone.ActiveCfg = Debug|Any CPU
		{2E48C368-2A2A-4D9A-9A17-597533EFCB48}.AppStore|iPhone.Build.0 = Debug|Any CPU
		{2E48C368-2A2A-4D9A-9A17-597533EFCB48}.AppStore|iPhone.Deploy.0 = Debug|Any CPU
		{2E48C368-2A2A-4D9A-9A17-597533EFCB48}.AppStore|iPhoneSimulator.ActiveCfg = Debug|Any CPU
		{2E48C368-2A2A-4D9A-9A17-597533EFCB48}.AppStore|iPhoneSimulator.Build.0 = Debug|Any CPU
		{2E48C368-2A2A-4D9A-9A17-597533EFCB48}.AppStore|iPhoneSimulator.Deploy.0 = Debug|Any CPU
		{2E48C368-2A2A-4D9A-9A17-597533EFCB48}.Debug|Any CPU.ActiveCfg = Debug|Any CPU
		{2E48C368-2A2A-4D9A-9A17-597533EFCB48}.Debug|Any CPU.Build.0 = Debug|Any CPU
		{2E48C368-2A2A-4D9A-9A17-597533EFCB48}.Debug|Any CPU.Deploy.0 = Debug|Any CPU
		{2E48C368-2A2A-4D9A-9A17-597533EFCB48}.Debug|iPhone.ActiveCfg = Debug|Any CPU
		{2E48C368-2A2A-4D9A-9A17-597533EFCB48}.Debug|iPhone.Build.0 = Debug|Any CPU
		{2E48C368-2A2A-4D9A-9A17-597533EFCB48}.Debug|iPhone.Deploy.0 = Debug|Any CPU
		{2E48C368-2A2A-4D9A-9A17-597533EFCB48}.Debug|iPhoneSimulator.ActiveCfg = Debug|Any CPU
		{2E48C368-2A2A-4D9A-9A17-597533EFCB48}.Debug|iPhoneSimulator.Build.0 = Debug|Any CPU
		{2E48C368-2A2A-4D9A-9A17-597533EFCB48}.Debug|iPhoneSimulator.Deploy.0 = Debug|Any CPU
		{2E48C368-2A2A-4D9A-9A17-597533EFCB48}.Release|Any CPU.ActiveCfg = Release|Any CPU
		{2E48C368-2A2A-4D9A-9A17-597533EFCB48}.Release|Any CPU.Build.0 = Release|Any CPU
		{2E48C368-2A2A-4D9A-9A17-597533EFCB48}.Release|Any CPU.Deploy.0 = Release|Any CPU
		{2E48C368-2A2A-4D9A-9A17-597533EFCB48}.Release|iPhone.ActiveCfg = Release|Any CPU
		{2E48C368-2A2A-4D9A-9A17-597533EFCB48}.Release|iPhone.Build.0 = Release|Any CPU
		{2E48C368-2A2A-4D9A-9A17-597533EFCB48}.Release|iPhone.Deploy.0 = Release|Any CPU
		{2E48C368-2A2A-4D9A-9A17-597533EFCB48}.Release|iPhoneSimulator.ActiveCfg = Release|Any CPU
		{2E48C368-2A2A-4D9A-9A17-597533EFCB48}.Release|iPhoneSimulator.Build.0 = Release|Any CPU
		{2E48C368-2A2A-4D9A-9A17-597533EFCB48}.Release|iPhoneSimulator.Deploy.0 = Release|Any CPU
	EndGlobalSection
	GlobalSection(SolutionProperties) = preSolution
		HideSolutionNode = FALSE
	EndGlobalSection
	GlobalSection(ExtensibilityGlobals) = postSolution
		SolutionGuid = {BD069445-3C92-4100-B8C5-AB06BC6B76ED}
	EndGlobalSection
EndGlobal
